
Microsoft Visual Studio Solution File, Format Version 12.00
# Visual Studio Version 17
VisualStudioVersion = 17.14.37710.0 d17.14
MinimumVisualStudioVersion = 10.0.40219.1
Project("{FAE04EC0-301F-11D3-BF4B-00C04F79EFBC}") = "Range_Checker", "Range_Checker\Range_Checker.csproj", "{7280FA4E-CDAF-498F-9865-60B845C3BF0D}"
EndProject
Global
	GlobalSection(SolutionConfigurationPlatforms) = preSolution
		Debug|Any CPU = Debug|Any CPU
		Release|Any CPU = Release|Any CPU
	EndGlobalSection
	GlobalSection(ProjectConfigurationPlatforms) = postSolution
		{7280FA4E-CDAF-498F-9865-60B845C3BF0D}.Debug|Any CPU.ActiveCfg = Debug|Any CPU
		{7280FA4E-CDAF-498F-9865-60B845C3BF0D}.Debug|Any CPU.Build.0 = Debug|Any CPU
		{7280FA4E-CDAF-498F-9865-60B845C3BF0D}.Release|Any CPU.ActiveCfg = Release|Any CPU
		{7280FA4E-CDAF-498F-9865-60B845C3BF0D}.Release|Any CPU.Build.0 = Release|Any CPU
	EndGlobalSection
	GlobalSection(SolutionProperties) = preSolution
		HideSolutionNode = FALSE
	EndGlobalSection
	GlobalSection(ExtensibilityGlobals) = postSolution
		SolutionGuid = {177665F8-0B72-480D-BD6B-6252173EC945}
	EndGlobalSection
EndGlobal
