
Microsoft Visual Studio Solution File, Format Version 12.00
# Visual Studio Version 17
VisualStudioVersion = 17.14.37710.0 d17.14
MinimumVisualStudioVersion = 10.0.40219.1
Project("{FAE04EC0-301F-11D3-BF4B-00C04F79EFBC}") = "Hotelroom and booking calculator", "Hotelroom and booking calculator\Hotelroom and booking calculator.csproj", "{919160EB-72F1-42C5-A847-E9CDDA573491}"
EndProject
Global
	GlobalSection(SolutionConfigurationPlatforms) = preSolution
		Debug|Any CPU = Debug|Any CPU
		Release|Any CPU = Release|Any CPU
	EndGlobalSection
	GlobalSection(ProjectConfigurationPlatforms) = postSolution
		{919160EB-72F1-42C5-A847-E9CDDA573491}.Debug|Any CPU.ActiveCfg = Debug|Any CPU
		{919160EB-72F1-42C5-A847-E9CDDA573491}.Debug|Any CPU.Build.0 = Debug|Any CPU
		{919160EB-72F1-42C5-A847-E9CDDA573491}.Release|Any CPU.ActiveCfg = Release|Any CPU
		{919160EB-72F1-42C5-A847-E9CDDA573491}.Release|Any CPU.Build.0 = Release|Any CPU
	EndGlobalSection
	GlobalSection(SolutionProperties) = preSolution
		HideSolutionNode = FALSE
	EndGlobalSection
	GlobalSection(ExtensibilityGlobals) = postSolution
		SolutionGuid = {A260A5EA-7BDA-4185-94C4-EE3F5DAC0C6B}
	EndGlobalSection
EndGlobal
